
Microsoft Visual Studio Solution File, Format Version 12.00
# Visual Studio Version 16
VisualStudioVersion = 16.0.30503.244
MinimumVisualStudioVersion = 10.0.40219.1
Project("{FAE04EC0-301F-11D3-BF4B-00C04F79EFBC}") = "Pokemon2.0", "Pokemon2.0\Pokemon2.0.csproj", "{E00EC858-F2A6-4D78-94E0-36151A80CB6C}"
EndProject
Global
	GlobalSection(SolutionConfigurationPlatforms) = preSolution
		Debug|Any CPU = Debug|Any CPU
		Release|Any CPU = Release|Any CPU
	EndGlobalSection
	GlobalSection(ProjectConfigurationPlatforms) = postSolution
		{E00EC858-F2A6-4D78-94E0-36151A80CB6C}.Debug|Any CPU.ActiveCfg = Debug|Any CPU
		{E00EC858-F2A6-4D78-94E0-36151A80CB6C}.Debug|Any CPU.Build.0 = Debug|Any CPU
		{E00EC858-F2A6-4D78-94E0-36151A80CB6C}.Release|Any CPU.ActiveCfg = Release|Any CPU
		{E00EC858-F2A6-4D78-94E0-36151A80CB6C}.Release|Any CPU.Build.0 = Release|Any CPU
	EndGlobalSection
	GlobalSection(SolutionProperties) = preSolution
		HideSolutionNode = FALSE
	EndGlobalSection
	GlobalSection(ExtensibilityGlobals) = postSolution
		SolutionGuid = {789FBD0D-928B-4035-A1CD-8142EE8CC167}
	EndGlobalSection
EndGlobal
